
Microsoft Visual Studio Solution File, Format Version 12.00
# Visual Studio Version 16
VisualStudioVersion = 16.0.29806.167
MinimumVisualStudioVersion = 10.0.40219.1
Project("{FAE04EC0-301F-11D3-BF4B-00C04F79EFBC}") = "PracticeLinq", "PracticeLinq.csproj", "{AEDE89CC-D918-4F7C-8346-3FC54811620E}"
EndProject
Global
	GlobalSection(SolutionConfigurationPlatforms) = preSolution
		Debug|Any CPU = Debug|Any CPU
		Release|Any CPU = Release|Any CPU
	EndGlobalSection
	GlobalSection(ProjectConfigurationPlatforms) = postSolution
		{AEDE89CC-D918-4F7C-8346-3FC54811620E}.Debug|Any CPU.ActiveCfg = Debug|Any CPU
		{AEDE89CC-D918-4F7C-8346-3FC54811620E}.Debug|Any CPU.Build.0 = Debug|Any CPU
		{AEDE89CC-D918-4F7C-8346-3FC54811620E}.Release|Any CPU.ActiveCfg = Release|Any CPU
		{AEDE89CC-D918-4F7C-8346-3FC54811620E}.Release|Any CPU.Build.0 = Release|Any CPU
	EndGlobalSection
	GlobalSection(SolutionProperties) = preSolution
		HideSolutionNode = FALSE
	EndGlobalSection
	GlobalSection(ExtensibilityGlobals) = postSolution
		SolutionGuid = {450637A2-23CD-423B-B5E3-D6F268065BE8}
	EndGlobalSection
EndGlobal
